
Microsoft Visual Studio Solution File, Format Version 11.00
# Visual Studio 2010
Project("{8BC9CEB8-8B4A-11D0-8D11-00A0C91BC942}") = "segTool", "segTool\segTool.vcxproj", "{27A60C52-8B72-4114-8F71-3C9AEDADA1B9}"
EndProject
Global
	GlobalSection(SolutionConfigurationPlatforms) = preSolution
		Debug|Win32 = Debug|Win32
		Release|Win32 = Release|Win32
	EndGlobalSection
	GlobalSection(ProjectConfigurationPlatforms) = postSolution
		{27A60C52-8B72-4114-8F71-3C9AEDADA1B9}.Debug|Win32.ActiveCfg = Debug|Win32
		{27A60C52-8B72-4114-8F71-3C9AEDADA1B9}.Debug|Win32.Build.0 = Debug|Win32
		{27A60C52-8B72-4114-8F71-3C9AEDADA1B9}.Release|Win32.ActiveCfg = Release|Win32
		{27A60C52-8B72-4114-8F71-3C9AEDADA1B9}.Release|Win32.Build.0 = Release|Win32
	EndGlobalSection
	GlobalSection(SolutionProperties) = preSolution
		HideSolutionNode = FALSE
	EndGlobalSection
EndGlobal
